
Microsoft Visual Studio Solution File, Format Version 12.00
# Visual Studio 15
Project("{FAE04EC0-301F-11D3-BF4B-00C04F79EFBC}") = "Assembly-CSharp", "Assembly-CSharp.csproj", "{0A90D94C-A191-C5D6-F9E2-09E5C533F388}"
EndProject
Project("{FAE04EC0-301F-11D3-BF4B-00C04F79EFBC}") = "Assembly-CSharp", "Assembly-CSharp.Player.csproj", "{F106FC13-266C-2C26-CB6C-BE843D87C046}"
EndProject
Global
	GlobalSection(SolutionConfigurationPlatforms) = preSolution
		Debug|Any CPU = Debug|Any CPU
		Release|Any CPU = Release|Any CPU
	EndGlobalSection
	GlobalSection(ProjectConfigurationPlatforms) = postSolution
		{0A90D94C-A191-C5D6-F9E2-09E5C533F388}.Debug|Any CPU.ActiveCfg = Debug|Any CPU
		{0A90D94C-A191-C5D6-F9E2-09E5C533F388}.Debug|Any CPU.Build.0 = Debug|Any CPU
		{0A90D94C-A191-C5D6-F9E2-09E5C533F388}.Release|Any CPU.ActiveCfg = Release|Any CPU
		{0A90D94C-A191-C5D6-F9E2-09E5C533F388}.Release|Any CPU.Build.0 = Release|Any CPU
		{F106FC13-266C-2C26-CB6C-BE843D87C046}.Debug|Any CPU.ActiveCfg = Debug|Any CPU
		{F106FC13-266C-2C26-CB6C-BE843D87C046}.Debug|Any CPU.Build.0 = Debug|Any CPU
		{F106FC13-266C-2C26-CB6C-BE843D87C046}.Release|Any CPU.ActiveCfg = Release|Any CPU
		{F106FC13-266C-2C26-CB6C-BE843D87C046}.Release|Any CPU.Build.0 = Release|Any CPU
	EndGlobalSection
	GlobalSection(SolutionProperties) = preSolution
		HideSolutionNode = FALSE
	EndGlobalSection
EndGlobal
